
Microsoft Visual Studio Solution File, Format Version 12.00
# Visual Studio Version 17
VisualStudioVersion = 17.14.36327.8
MinimumVisualStudioVersion = 10.0.40219.1
Project("{2150E333-8FDC-42A3-9474-1A3956D46DE8}") = "FrontEnd", "FrontEnd", "{02EA681E-C7D8-13C7-8484-4AC65E1B71E8}"
EndProject
Project("{2150E333-8FDC-42A3-9474-1A3956D46DE8}") = "Gateway", "Gateway", "{2D927FEE-12A5-4A3E-980D-4C6F2BA8E698}"
EndProject
Project("{2150E333-8FDC-42A3-9474-1A3956D46DE8}") = "Integration", "Integration", "{34C45DDC-EFDC-4A2F-90C7-E2CAEB3852B9}"
EndProject
Project("{2150E333-8FDC-42A3-9474-1A3956D46DE8}") = "Services", "Services", "{7BA896FF-8DBC-46AA-8B15-253AD9B18705}"
EndProject
Project("{FAE04EC0-301F-11D3-BF4B-00C04F79EFBC}") = "Ecommerce.Services.CouponAPI", "Ecommerce.Services.CouponAPI\Ecommerce.Services.CouponAPI.csproj", "{267F3912-5984-4254-8F08-BF2370AF02F1}"
EndProject
Project("{FAE04EC0-301F-11D3-BF4B-00C04F79EFBC}") = "Ecommerce.Web", "Ecommerce.Web\Ecommerce.Web.csproj", "{FEBE25ED-1B1B-4B9A-AECB-453E0FDB8A55}"
EndProject
Project("{FAE04EC0-301F-11D3-BF4B-00C04F79EFBC}") = "Ecommerce.Services.AuthAPI", "Ecommerce.Services.AuthAPI\Ecommerce.Services.AuthAPI.csproj", "{949A4908-BF41-4E50-B729-76E55891E37B}"
EndProject
Project("{FAE04EC0-301F-11D3-BF4B-00C04F79EFBC}") = "Ecommerce.Services.ProductAPI", "Ecommerce.Services.ProductAPI\Ecommerce.Services.ProductAPI.csproj", "{3224E87C-1E78-457B-9C81-D691657C9E64}"
EndProject
Project("{FAE04EC0-301F-11D3-BF4B-00C04F79EFBC}") = "Ecommerce.Services.ShoppingCartAPI", "Ecommerce.Services.ShoppingCartAPI\Ecommerce.Services.ShoppingCartAPI.csproj", "{B12FD605-264A-4EB2-99B3-73E0346125E3}"
EndProject
Project("{FAE04EC0-301F-11D3-BF4B-00C04F79EFBC}") = "Ecommerce.MessageBus", "Ecommerce.MessageBus\Ecommerce.MessageBus.csproj", "{AB56EC9C-BC01-439A-9C62-19D70F87F186}"
EndProject
Project("{FAE04EC0-301F-11D3-BF4B-00C04F79EFBC}") = "Ecommerce.Services.EmailAPI", "Ecommerce.Services.EmailAPI\Ecommerce.Services.EmailAPI.csproj", "{A6F4C211-1C8B-46ED-8C2A-A28AAC67CB18}"
EndProject
Global
	GlobalSection(SolutionConfigurationPlatforms) = preSolution
		Debug|Any CPU = Debug|Any CPU
		Release|Any CPU = Release|Any CPU
	EndGlobalSection
	GlobalSection(ProjectConfigurationPlatforms) = postSolution
		{267F3912-5984-4254-8F08-BF2370AF02F1}.Debug|Any CPU.ActiveCfg = Debug|Any CPU
		{267F3912-5984-4254-8F08-BF2370AF02F1}.Debug|Any CPU.Build.0 = Debug|Any CPU
		{267F3912-5984-4254-8F08-BF2370AF02F1}.Release|Any CPU.ActiveCfg = Release|Any CPU
		{267F3912-5984-4254-8F08-BF2370AF02F1}.Release|Any CPU.Build.0 = Release|Any CPU
		{FEBE25ED-1B1B-4B9A-AECB-453E0FDB8A55}.Debug|Any CPU.ActiveCfg = Debug|Any CPU
		{FEBE25ED-1B1B-4B9A-AECB-453E0FDB8A55}.Debug|Any CPU.Build.0 = Debug|Any CPU
		{FEBE25ED-1B1B-4B9A-AECB-453E0FDB8A55}.Release|Any CPU.ActiveCfg = Release|Any CPU
		{FEBE25ED-1B1B-4B9A-AECB-453E0FDB8A55}.Release|Any CPU.Build.0 = Release|Any CPU
		{949A4908-BF41-4E50-B729-76E55891E37B}.Debug|Any CPU.ActiveCfg = Debug|Any CPU
		{949A4908-BF41-4E50-B729-76E55891E37B}.Debug|Any CPU.Build.0 = Debug|Any CPU
		{949A4908-BF41-4E50-B729-76E55891E37B}.Release|Any CPU.ActiveCfg = Release|Any CPU
		{949A4908-BF41-4E50-B729-76E55891E37B}.Release|Any CPU.Build.0 = Release|Any CPU
		{3224E87C-1E78-457B-9C81-D691657C9E64}.Debug|Any CPU.ActiveCfg = Debug|Any CPU
		{3224E87C-1E78-457B-9C81-D691657C9E64}.Debug|Any CPU.Build.0 = Debug|Any CPU
		{3224E87C-1E78-457B-9C81-D691657C9E64}.Release|Any CPU.ActiveCfg = Release|Any CPU
		{3224E87C-1E78-457B-9C81-D691657C9E64}.Release|Any CPU.Build.0 = Release|Any CPU
		{B12FD605-264A-4EB2-99B3-73E0346125E3}.Debug|Any CPU.ActiveCfg = Debug|Any CPU
		{B12FD605-264A-4EB2-99B3-73E0346125E3}.Debug|Any CPU.Build.0 = Debug|Any CPU
		{B12FD605-264A-4EB2-99B3-73E0346125E3}.Release|Any CPU.ActiveCfg = Release|Any CPU
		{B12FD605-264A-4EB2-99B3-73E0346125E3}.Release|Any CPU.Build.0 = Release|Any CPU
		{AB56EC9C-BC01-439A-9C62-19D70F87F186}.Debug|Any CPU.ActiveCfg = Debug|Any CPU
		{AB56EC9C-BC01-439A-9C62-19D70F87F186}.Debug|Any CPU.Build.0 = Debug|Any CPU
		{AB56EC9C-BC01-439A-9C62-19D70F87F186}.Release|Any CPU.ActiveCfg = Release|Any CPU
		{AB56EC9C-BC01-439A-9C62-19D70F87F186}.Release|Any CPU.Build.0 = Release|Any CPU
		{A6F4C211-1C8B-46ED-8C2A-A28AAC67CB18}.Debug|Any CPU.ActiveCfg = Debug|Any CPU
		{A6F4C211-1C8B-46ED-8C2A-A28AAC67CB18}.Debug|Any CPU.Build.0 = Debug|Any CPU
		{A6F4C211-1C8B-46ED-8C2A-A28AAC67CB18}.Release|Any CPU.ActiveCfg = Release|Any CPU
		{A6F4C211-1C8B-46ED-8C2A-A28AAC67CB18}.Release|Any CPU.Build.0 = Release|Any CPU
	EndGlobalSection
	GlobalSection(SolutionProperties) = preSolution
		HideSolutionNode = FALSE
	EndGlobalSection
	GlobalSection(NestedProjects) = preSolution
		{267F3912-5984-4254-8F08-BF2370AF02F1} = {7BA896FF-8DBC-46AA-8B15-253AD9B18705}
		{FEBE25ED-1B1B-4B9A-AECB-453E0FDB8A55} = {02EA681E-C7D8-13C7-8484-4AC65E1B71E8}
		{949A4908-BF41-4E50-B729-76E55891E37B} = {7BA896FF-8DBC-46AA-8B15-253AD9B18705}
		{3224E87C-1E78-457B-9C81-D691657C9E64} = {7BA896FF-8DBC-46AA-8B15-253AD9B18705}
		{B12FD605-264A-4EB2-99B3-73E0346125E3} = {7BA896FF-8DBC-46AA-8B15-253AD9B18705}
		{AB56EC9C-BC01-439A-9C62-19D70F87F186} = {34C45DDC-EFDC-4A2F-90C7-E2CAEB3852B9}
		{A6F4C211-1C8B-46ED-8C2A-A28AAC67CB18} = {7BA896FF-8DBC-46AA-8B15-253AD9B18705}
	EndGlobalSection
	GlobalSection(ExtensibilityGlobals) = postSolution
		SolutionGuid = {58B7FDDD-82D9-44DF-8F22-8F34CB9E5163}
	EndGlobalSection
EndGlobal
